
Microsoft Visual Studio Solution File, Format Version 12.00
# Visual Studio Express 2013 for Windows Desktop
VisualStudioVersion = 12.0.30723.0
MinimumVisualStudioVersion = 10.0.40219.1
Project("{FAE04EC0-301F-11D3-BF4B-00C04F79EFBC}") = "proof dice concept", "proof dice concept\proof dice concept.csproj", "{565C260D-A5B5-4C17-89D6-93C22AACCAEF}"
EndProject
Global
	GlobalSection(SolutionConfigurationPlatforms) = preSolution
		Debug|Any CPU = Debug|Any CPU
		Release|Any CPU = Release|Any CPU
	EndGlobalSection
	GlobalSection(ProjectConfigurationPlatforms) = postSolution
		{565C260D-A5B5-4C17-89D6-93C22AACCAEF}.Debug|Any CPU.ActiveCfg = Debug|Any CPU
		{565C260D-A5B5-4C17-89D6-93C22AACCAEF}.Debug|Any CPU.Build.0 = Debug|Any CPU
		{565C260D-A5B5-4C17-89D6-93C22AACCAEF}.Release|Any CPU.ActiveCfg = Release|Any CPU
		{565C260D-A5B5-4C17-89D6-93C22AACCAEF}.Release|Any CPU.Build.0 = Release|Any CPU
	EndGlobalSection
	GlobalSection(SolutionProperties) = preSolution
		HideSolutionNode = FALSE
	EndGlobalSection
EndGlobal
